
Microsoft Visual Studio Solution File, Format Version 12.00
# Visual Studio Version 17
VisualStudioVersion = 17.0.31903.59
MinimumVisualStudioVersion = 10.0.40219.1
Project("{FAE04EC0-301F-11D3-BF4B-00C04F79EFBC}") = "SampleWebApi", "src\SampleWebApi\SampleWebApi.csproj", "{B127E8E3-47FF-42EA-B3EC-FE5ADDE3733F}"
EndProject
Project("{2150E333-8FDC-42A3-9474-1A3956D46DE8}") = "src", "src", "{6E4645FB-C4B9-4263-8138-2198F68555DF}"
EndProject
Project("{2150E333-8FDC-42A3-9474-1A3956D46DE8}") = "tests", "tests", "{D80E34B5-DBD3-40F2-9084-7944C86BCF72}"
EndProject
Project("{FAE04EC0-301F-11D3-BF4B-00C04F79EFBC}") = "IntegrationTests", "tests\IntegrationTests\IntegrationTests.csproj", "{DAE4F886-104B-4340-9F6E-0F0EC6887BA0}"
EndProject
Project("{FAE04EC0-301F-11D3-BF4B-00C04F79EFBC}") = "SpecTests", "tests\SpecTests\SpecTests.csproj", "{0E3C80AE-1991-4099-9767-D69285BFF8D3}"
EndProject
Project("{FAE04EC0-301F-11D3-BF4B-00C04F79EFBC}") = "Tests.Common", "tests\Tests.Common\Tests.Common.csproj", "{9E77C489-EBAA-41C4-853B-67E1511088B4}"
EndProject
Project("{FAE04EC0-301F-11D3-BF4B-00C04F79EFBC}") = "FunctionsApp", "src\FunctionsApp\FunctionsApp.csproj", "{FB87AA39-661C-447B-A1CB-FEF07058774E}"
EndProject
Project("{FAE04EC0-301F-11D3-BF4B-00C04F79EFBC}") = "ConsoleApp1", "src\ConsoleApp1\ConsoleApp1.csproj", "{32A1AAD2-ECBB-4C04-81FD-21A809781C0B}"
EndProject
Global
	GlobalSection(SolutionConfigurationPlatforms) = preSolution
		Debug|Any CPU = Debug|Any CPU
		Release|Any CPU = Release|Any CPU
	EndGlobalSection
	GlobalSection(SolutionProperties) = preSolution
		HideSolutionNode = FALSE
	EndGlobalSection
	GlobalSection(ProjectConfigurationPlatforms) = postSolution
		{B127E8E3-47FF-42EA-B3EC-FE5ADDE3733F}.Debug|Any CPU.ActiveCfg = Debug|Any CPU
		{B127E8E3-47FF-42EA-B3EC-FE5ADDE3733F}.Debug|Any CPU.Build.0 = Debug|Any CPU
		{B127E8E3-47FF-42EA-B3EC-FE5ADDE3733F}.Release|Any CPU.ActiveCfg = Release|Any CPU
		{B127E8E3-47FF-42EA-B3EC-FE5ADDE3733F}.Release|Any CPU.Build.0 = Release|Any CPU
		{DAE4F886-104B-4340-9F6E-0F0EC6887BA0}.Debug|Any CPU.ActiveCfg = Debug|Any CPU
		{DAE4F886-104B-4340-9F6E-0F0EC6887BA0}.Debug|Any CPU.Build.0 = Debug|Any CPU
		{DAE4F886-104B-4340-9F6E-0F0EC6887BA0}.Release|Any CPU.ActiveCfg = Release|Any CPU
		{DAE4F886-104B-4340-9F6E-0F0EC6887BA0}.Release|Any CPU.Build.0 = Release|Any CPU
		{0E3C80AE-1991-4099-9767-D69285BFF8D3}.Debug|Any CPU.ActiveCfg = Debug|Any CPU
		{0E3C80AE-1991-4099-9767-D69285BFF8D3}.Debug|Any CPU.Build.0 = Debug|Any CPU
		{0E3C80AE-1991-4099-9767-D69285BFF8D3}.Release|Any CPU.ActiveCfg = Release|Any CPU
		{0E3C80AE-1991-4099-9767-D69285BFF8D3}.Release|Any CPU.Build.0 = Release|Any CPU
		{9E77C489-EBAA-41C4-853B-67E1511088B4}.Debug|Any CPU.ActiveCfg = Debug|Any CPU
		{9E77C489-EBAA-41C4-853B-67E1511088B4}.Debug|Any CPU.Build.0 = Debug|Any CPU
		{9E77C489-EBAA-41C4-853B-67E1511088B4}.Release|Any CPU.ActiveCfg = Release|Any CPU
		{9E77C489-EBAA-41C4-853B-67E1511088B4}.Release|Any CPU.Build.0 = Release|Any CPU
		{FB87AA39-661C-447B-A1CB-FEF07058774E}.Debug|Any CPU.ActiveCfg = Debug|Any CPU
		{FB87AA39-661C-447B-A1CB-FEF07058774E}.Debug|Any CPU.Build.0 = Debug|Any CPU
		{FB87AA39-661C-447B-A1CB-FEF07058774E}.Release|Any CPU.ActiveCfg = Release|Any CPU
		{FB87AA39-661C-447B-A1CB-FEF07058774E}.Release|Any CPU.Build.0 = Release|Any CPU
		{32A1AAD2-ECBB-4C04-81FD-21A809781C0B}.Debug|Any CPU.ActiveCfg = Debug|Any CPU
		{32A1AAD2-ECBB-4C04-81FD-21A809781C0B}.Debug|Any CPU.Build.0 = Debug|Any CPU
		{32A1AAD2-ECBB-4C04-81FD-21A809781C0B}.Release|Any CPU.ActiveCfg = Release|Any CPU
		{32A1AAD2-ECBB-4C04-81FD-21A809781C0B}.Release|Any CPU.Build.0 = Release|Any CPU
	EndGlobalSection
	GlobalSection(NestedProjects) = preSolution
		{B127E8E3-47FF-42EA-B3EC-FE5ADDE3733F} = {6E4645FB-C4B9-4263-8138-2198F68555DF}
		{DAE4F886-104B-4340-9F6E-0F0EC6887BA0} = {D80E34B5-DBD3-40F2-9084-7944C86BCF72}
		{0E3C80AE-1991-4099-9767-D69285BFF8D3} = {D80E34B5-DBD3-40F2-9084-7944C86BCF72}
		{9E77C489-EBAA-41C4-853B-67E1511088B4} = {D80E34B5-DBD3-40F2-9084-7944C86BCF72}
		{FB87AA39-661C-447B-A1CB-FEF07058774E} = {6E4645FB-C4B9-4263-8138-2198F68555DF}
		{32A1AAD2-ECBB-4C04-81FD-21A809781C0B} = {6E4645FB-C4B9-4263-8138-2198F68555DF}
	EndGlobalSection
EndGlobal
