Microsoft Visual Studio Solution File, Format Version 12.00
# Visual Studio Version 17
VisualStudioVersion = 17.5.2.0
MinimumVisualStudioVersion = 10.0.40219.1
Project("{FAE04EC0-301F-11D3-BF4B-00C04F79EFBC}") = "FunctionsApp", "FunctionsApp.csproj", "{CCBDF65B-95C5-896C-D5B1-01F317072EE2}"
EndProject
Global
	GlobalSection(SolutionConfigurationPlatforms) = preSolution
		Debug|Any CPU = Debug|Any CPU
		Release|Any CPU = Release|Any CPU
	EndGlobalSection
	GlobalSection(ProjectConfigurationPlatforms) = postSolution
		{CCBDF65B-95C5-896C-D5B1-01F317072EE2}.Debug|Any CPU.ActiveCfg = Debug|Any CPU
		{CCBDF65B-95C5-896C-D5B1-01F317072EE2}.Debug|Any CPU.Build.0 = Debug|Any CPU
		{CCBDF65B-95C5-896C-D5B1-01F317072EE2}.Release|Any CPU.ActiveCfg = Release|Any CPU
		{CCBDF65B-95C5-896C-D5B1-01F317072EE2}.Release|Any CPU.Build.0 = Release|Any CPU
	EndGlobalSection
	GlobalSection(SolutionProperties) = preSolution
		HideSolutionNode = FALSE
	EndGlobalSection
	GlobalSection(ExtensibilityGlobals) = postSolution
		SolutionGuid = {478B6D23-39BE-4FCC-8159-15202ACF3D11}
	EndGlobalSection
EndGlobal
